
Microsoft Visual Studio Solution File, Format Version 12.00
# Visual Studio 15
VisualStudioVersion = 15.0.27703.2035
MinimumVisualStudioVersion = 10.0.40219.1
Project("{2150E333-8FDC-42A3-9474-1A3956D46DE8}") = "Standart", "Standart", "{386D90BD-2F0C-49B6-826A-DA4D531F69BE}"
EndProject
Project("{2150E333-8FDC-42A3-9474-1A3956D46DE8}") = "WindowsApplication", "WindowsApplication", "{E16A6A19-34F2-4D19-9E75-3634D7152C3E}"
EndProject
Project("{2150E333-8FDC-42A3-9474-1A3956D46DE8}") = "Web", "Web", "{6398B8B2-0B0C-40A1-A8D6-B0DEC4993E12}"
EndProject
Project("{2150E333-8FDC-42A3-9474-1A3956D46DE8}") = "MVC", "MVC", "{3CC5460D-FD31-447B-B50C-B4D11796BE79}"
EndProject
Project("{2150E333-8FDC-42A3-9474-1A3956D46DE8}") = "HTML", "HTML", "{8EA30118-6483-460B-B18E-09C6B1E784E2}"
EndProject
Project("{2150E333-8FDC-42A3-9474-1A3956D46DE8}") = "ClassLibrary", "ClassLibrary", "{C7947CA3-6AA9-46C3-81EA-6AB86496608A}"
EndProject
Project("{2150E333-8FDC-42A3-9474-1A3956D46DE8}") = "Project", "Project", "{522E309F-6BA3-4610-BE45-7E94D81A87FE}"
EndProject
Project("{2150E333-8FDC-42A3-9474-1A3956D46DE8}") = "ClassLibrary", "ClassLibrary", "{838054FA-E954-49C1-9A8A-978129C4B7B4}"
EndProject
Project("{2150E333-8FDC-42A3-9474-1A3956D46DE8}") = "ClassLibrary", "ClassLibrary", "{4DC63E0A-F881-4D68-9715-EA5CD7FD8844}"
EndProject
Project("{9A19103F-16F7-4668-BE54-9A1E7A4F7556}") = "MA.dotNet.Framework.Standart.ClassLibrary.Security", "MA.dotNet.Framework.Standart.ClassLibrary.Security\MA.dotNet.Framework.Standart.ClassLibrary.Security.csproj", "{AC755979-8776-41A5-B223-C6A929B667C9}"
EndProject
Project("{9A19103F-16F7-4668-BE54-9A1E7A4F7556}") = "MA.dotNet.Framework.Standart.ClassLibrary.SecurityTests", "MA.dotNet.Framework.Standart.ClassLibrary.SecurityTests\MA.dotNet.Framework.Standart.ClassLibrary.SecurityTests.csproj", "{EC45F525-4BEC-4A57-B5CD-CA39DF809C81}"
EndProject
Project("{9A19103F-16F7-4668-BE54-9A1E7A4F7556}") = "MA.dotNet.Framework.Standart.ClassLibrary.BigCalculator", "MA.dotNet.Framework.Standart.ClassLibrary.BigCalculator\MA.dotNet.Framework.Standart.ClassLibrary.BigCalculator.csproj", "{2B6C6721-B452-42B8-880A-45460BF44B35}"
EndProject
Project("{9A19103F-16F7-4668-BE54-9A1E7A4F7556}") = "MA.dotNet.Framework.Standart.ClassLibrary.BigCalculatorTests", "MA.dotNet.Framework.Standart.ClassLibrary.BigCalculatorTests\MA.dotNet.Framework.Standart.ClassLibrary.BigCalculatorTests.csproj", "{24D3BB3B-2D34-426E-BCD5-CAA4F4C6A127}"
EndProject
Project("{9A19103F-16F7-4668-BE54-9A1E7A4F7556}") = "MA.dotNet.Framework.Web.HTML.ParentSelector", "MA.dotNet.Framework.Web.HTML.ParentSelector\MA.dotNet.Framework.Web.HTML.ParentSelector.csproj", "{D341192B-8771-4A85-A953-BD11702FFB74}"
EndProject
Project("{9A19103F-16F7-4668-BE54-9A1E7A4F7556}") = "MA.dotNET.Framework.Standart.ClassLibrary.Logger", "MA.dotNET.Framework.Standart.ClassLibrary.Logger\MA.dotNET.Framework.Standart.ClassLibrary.Logger.csproj", "{CDAE7E8D-EBCB-4A27-80DF-405A4FE0FF4A}"
EndProject
Project("{9A19103F-16F7-4668-BE54-9A1E7A4F7556}") = "MA.dotNET.Framework.Standart.ClassLibrary.LoggerTests", "MA.dotNET.Framework.Standart.ClassLibrary.LoggerTests\MA.dotNET.Framework.Standart.ClassLibrary.LoggerTests.csproj", "{9D817483-A71F-46D8-9C24-897FB6B9DE67}"
EndProject
Project("{9A19103F-16F7-4668-BE54-9A1E7A4F7556}") = "MA.dotNet.Framework.Web.HTML.TextAreaPlus", "MA.dotNet.Framework.Web.HTML.TextAreaPlus\MA.dotNet.Framework.Web.HTML.TextAreaPlus.csproj", "{F8BEC582-FD0C-4190-9604-FFD2E35341F4}"
EndProject
Project("{9A19103F-16F7-4668-BE54-9A1E7A4F7556}") = "MA.dotNET.Framework.Standart.ClassLibrary.Proxy", "MA.dotNET.Framework.Standart.ClassLibrary.Proxy\MA.dotNET.Framework.Standart.ClassLibrary.Proxy.csproj", "{BBF7E968-CF0D-4830-A016-724B51D1B28F}"
EndProject
Project("{9A19103F-16F7-4668-BE54-9A1E7A4F7556}") = "MA.dotNET.Framework.Standart.ClassLibrary.ProxyTests", "MA.dotNET.Framework.Standart.ClassLibrary.ProxyTests\MA.dotNET.Framework.Standart.ClassLibrary.ProxyTests.csproj", "{1D1186C3-5EC0-469C-BB1C-20AA9BED1458}"
EndProject
Project("{9A19103F-16F7-4668-BE54-9A1E7A4F7556}") = "MA.dotNET.Framework.Standart.ClassLibrary.Proxy.ConsoleApp", "MA.dotNET.Framework.Standart.ClassLibrary.Proxy.ConsoleApp\MA.dotNET.Framework.Standart.ClassLibrary.Proxy.ConsoleApp.csproj", "{333F0D4B-9DD7-47E4-91E6-23F76D209C49}"
EndProject
Project("{2150E333-8FDC-42A3-9474-1A3956D46DE8}") = "Database", "Database", "{49BE5A40-1204-4819-862A-86910610A8E1}"
EndProject
Project("{2150E333-8FDC-42A3-9474-1A3956D46DE8}") = "MSSQL", "MSSQL", "{26CBAA4E-F5FD-4DF5-8288-832D1F9F8D2B}"
	ProjectSection(SolutionItems) = preProject
		MSSQL_DatabaseLogMA.sql = MSSQL_DatabaseLogMA.sql
		MSSQL_DatabaseLogMA_README.md = MSSQL_DatabaseLogMA_README.md
		MSSQL_SafeWorking.sql = MSSQL_SafeWorking.sql
	EndProjectSection
EndProject
Project("{2150E333-8FDC-42A3-9474-1A3956D46DE8}") = "MYSQL", "MYSQL", "{6E48D51C-E79A-4872-8D27-1299832C8E45}"
EndProject
Project("{2150E333-8FDC-42A3-9474-1A3956D46DE8}") = "POSTGRESQL", "POSTGRESQL", "{CAAAD212-774B-467F-BEF0-81FCC47715AD}"
EndProject
Project("{2150E333-8FDC-42A3-9474-1A3956D46DE8}") = "ORACLE", "ORACLE", "{D5F72FA0-40B1-4B32-8E3A-52DC903C2772}"
EndProject
Project("{9A19103F-16F7-4668-BE54-9A1E7A4F7556}") = "MA.dotNet.Framework.Web.HTML.YoutubeTvEffect", "MA.dotNet.Framework.Web.HTML.YoutubeTvEffect\MA.dotNet.Framework.Web.HTML.YoutubeTvEffect.csproj", "{09274543-187A-4E83-B9ED-A8208D33EB30}"
EndProject
Project("{9A19103F-16F7-4668-BE54-9A1E7A4F7556}") = "MA.dotNET.Framework.Standart.ClassLibrary.FileReaderLinq", "MA.dotNET.Framework.Standart.ClassLibrary.FileReaderLinq\MA.dotNET.Framework.Standart.ClassLibrary.FileReaderLinq.csproj", "{654F2E24-6FCD-4D8F-9DA0-F2CD69C9CB6D}"
EndProject
Project("{9A19103F-16F7-4668-BE54-9A1E7A4F7556}") = "MA.dotNET.Framework.Standart.ClassLibrary.FileReaderLinqTests", "MA.dotNET.Framework.Standart.ClassLibrary.FileReaderLinqTests\MA.dotNET.Framework.Standart.ClassLibrary.FileReaderLinqTests.csproj", "{BD881F31-CA2D-459C-B14B-7BCC3C2AA86C}"
EndProject
Project("{9A19103F-16F7-4668-BE54-9A1E7A4F7556}") = "MA.dotNET.Framework.Standart.ClassLibrary.SMTPServer", "MA.dotNET.Framework.Standart.ClassLibrary.SMTPServer\MA.dotNET.Framework.Standart.ClassLibrary.SMTPServer.csproj", "{0CF2ACDF-05AF-49B6-9A80-0A174C2A5E05}"
EndProject
Project("{9A19103F-16F7-4668-BE54-9A1E7A4F7556}") = "MA.dotNET.Framework.Standart.ClassLibrary.SMTPServerTests", "MA.dotNET.Framework.Standart.ClassLibrary.SMTPServerTests\MA.dotNET.Framework.Standart.ClassLibrary.SMTPServerTests.csproj", "{9E0CEE6A-93D2-40A5-B73D-5C9CB1DC3ED0}"
EndProject
Project("{9A19103F-16F7-4668-BE54-9A1E7A4F7556}") = "MA.dotNET.Framework.Standart.ClassLibrary.MimeReader", "MA.dotNET.Framework.Standart.ClassLibrary.MimeReader\MA.dotNET.Framework.Standart.ClassLibrary.MimeReader.csproj", "{9362A326-4364-4DDC-9517-EFC6D82E8117}"
EndProject
Project("{9A19103F-16F7-4668-BE54-9A1E7A4F7556}") = "MA.dotNET.Framework.Standart.ClassLibrary.MimeReaderTests", "MA.dotNET.Framework.Standart.ClassLibrary.MimeReaderTests\MA.dotNET.Framework.Standart.ClassLibrary.MimeReaderTests.csproj", "{4265DA4C-FAC3-4D1F-9375-9D549B53DF16}"
EndProject
Project("{9A19103F-16F7-4668-BE54-9A1E7A4F7556}") = "MA.dotNet.Framework.Web.ClassLibrary.HTTPFileServer", "MA.dotNet.Framework.Web.ClassLibrary.HTTPFileServer\MA.dotNet.Framework.Web.ClassLibrary.HTTPFileServer.csproj", "{FB069367-487F-49D1-AA3E-C3E9C6B356A0}"
EndProject
Project("{9A19103F-16F7-4668-BE54-9A1E7A4F7556}") = "MA.dotNet.Framework.Web.ClassLibrary.HTTPFileServer.ConApp", "MA.dotNet.Framework.Web.ClassLibrary.HTTPFileServer.ConApp\MA.dotNet.Framework.Web.ClassLibrary.HTTPFileServer.ConApp.csproj", "{FFFDF3C2-4798-47A2-8ED0-36C360DB13CF}"
EndProject
Project("{9A19103F-16F7-4668-BE54-9A1E7A4F7556}") = "MA.dotNet.Framework.Web.ClassLibrary.HTTPFileServerTests", "MA.dotNet.Framework.Web.ClassLibrary.HTTPFileServerTests\MA.dotNet.Framework.Web.ClassLibrary.HTTPFileServerTests.csproj", "{F6B68763-2CAE-48A0-A773-1922F5387571}"
EndProject
Project("{9A19103F-16F7-4668-BE54-9A1E7A4F7556}") = "MA.dotNET.Framework.Standart.ClassLibrary.QueueThread", "MA.dotNET.Framework.Standart.ClassLibrary.QueueThread\MA.dotNET.Framework.Standart.ClassLibrary.QueueThread.csproj", "{F18D8C16-B4C2-405A-93F3-CF1E4F99449A}"
EndProject
Project("{FAE04EC0-301F-11D3-BF4B-00C04F79EFBC}") = "MA.dotNet.Framework.Standart.ClassLibrary.PixelShape", "MA.dotNet.Framework.Standart.ClassLibrary.PixelShape\MA.dotNet.Framework.Standart.ClassLibrary.PixelShape.csproj", "{8FCEB734-54A8-485C-85E5-B48EBD7DAB19}"
EndProject
Project("{FAE04EC0-301F-11D3-BF4B-00C04F79EFBC}") = "MA.dotNet.Framework.Standart.ClassLibrary.PixelShapeTests", "MA.dotNet.Framework.Standart.ClassLibrary.PixelShapeTests\MA.dotNet.Framework.Standart.ClassLibrary.PixelShapeTests.csproj", "{738B4A7B-E531-4E81-9D24-6AADB746379C}"
EndProject
Global
	GlobalSection(SolutionConfigurationPlatforms) = preSolution
		Debug|Any CPU = Debug|Any CPU
		Release|Any CPU = Release|Any CPU
	EndGlobalSection
	GlobalSection(ProjectConfigurationPlatforms) = postSolution
		{AC755979-8776-41A5-B223-C6A929B667C9}.Debug|Any CPU.ActiveCfg = Debug|Any CPU
		{AC755979-8776-41A5-B223-C6A929B667C9}.Debug|Any CPU.Build.0 = Debug|Any CPU
		{AC755979-8776-41A5-B223-C6A929B667C9}.Release|Any CPU.ActiveCfg = Release|Any CPU
		{AC755979-8776-41A5-B223-C6A929B667C9}.Release|Any CPU.Build.0 = Release|Any CPU
		{EC45F525-4BEC-4A57-B5CD-CA39DF809C81}.Debug|Any CPU.ActiveCfg = Debug|Any CPU
		{EC45F525-4BEC-4A57-B5CD-CA39DF809C81}.Debug|Any CPU.Build.0 = Debug|Any CPU
		{EC45F525-4BEC-4A57-B5CD-CA39DF809C81}.Release|Any CPU.ActiveCfg = Release|Any CPU
		{EC45F525-4BEC-4A57-B5CD-CA39DF809C81}.Release|Any CPU.Build.0 = Release|Any CPU
		{2B6C6721-B452-42B8-880A-45460BF44B35}.Debug|Any CPU.ActiveCfg = Debug|Any CPU
		{2B6C6721-B452-42B8-880A-45460BF44B35}.Debug|Any CPU.Build.0 = Debug|Any CPU
		{2B6C6721-B452-42B8-880A-45460BF44B35}.Release|Any CPU.ActiveCfg = Release|Any CPU
		{2B6C6721-B452-42B8-880A-45460BF44B35}.Release|Any CPU.Build.0 = Release|Any CPU
		{24D3BB3B-2D34-426E-BCD5-CAA4F4C6A127}.Debug|Any CPU.ActiveCfg = Debug|Any CPU
		{24D3BB3B-2D34-426E-BCD5-CAA4F4C6A127}.Debug|Any CPU.Build.0 = Debug|Any CPU
		{24D3BB3B-2D34-426E-BCD5-CAA4F4C6A127}.Release|Any CPU.ActiveCfg = Release|Any CPU
		{24D3BB3B-2D34-426E-BCD5-CAA4F4C6A127}.Release|Any CPU.Build.0 = Release|Any CPU
		{D341192B-8771-4A85-A953-BD11702FFB74}.Debug|Any CPU.ActiveCfg = Debug|Any CPU
		{D341192B-8771-4A85-A953-BD11702FFB74}.Debug|Any CPU.Build.0 = Debug|Any CPU
		{D341192B-8771-4A85-A953-BD11702FFB74}.Release|Any CPU.ActiveCfg = Release|Any CPU
		{D341192B-8771-4A85-A953-BD11702FFB74}.Release|Any CPU.Build.0 = Release|Any CPU
		{CDAE7E8D-EBCB-4A27-80DF-405A4FE0FF4A}.Debug|Any CPU.ActiveCfg = Debug|Any CPU
		{CDAE7E8D-EBCB-4A27-80DF-405A4FE0FF4A}.Debug|Any CPU.Build.0 = Debug|Any CPU
		{CDAE7E8D-EBCB-4A27-80DF-405A4FE0FF4A}.Release|Any CPU.ActiveCfg = Release|Any CPU
		{CDAE7E8D-EBCB-4A27-80DF-405A4FE0FF4A}.Release|Any CPU.Build.0 = Release|Any CPU
		{9D817483-A71F-46D8-9C24-897FB6B9DE67}.Debug|Any CPU.ActiveCfg = Debug|Any CPU
		{9D817483-A71F-46D8-9C24-897FB6B9DE67}.Debug|Any CPU.Build.0 = Debug|Any CPU
		{9D817483-A71F-46D8-9C24-897FB6B9DE67}.Release|Any CPU.ActiveCfg = Release|Any CPU
		{9D817483-A71F-46D8-9C24-897FB6B9DE67}.Release|Any CPU.Build.0 = Release|Any CPU
		{F8BEC582-FD0C-4190-9604-FFD2E35341F4}.Debug|Any CPU.ActiveCfg = Debug|Any CPU
		{F8BEC582-FD0C-4190-9604-FFD2E35341F4}.Debug|Any CPU.Build.0 = Debug|Any CPU
		{F8BEC582-FD0C-4190-9604-FFD2E35341F4}.Release|Any CPU.ActiveCfg = Release|Any CPU
		{F8BEC582-FD0C-4190-9604-FFD2E35341F4}.Release|Any CPU.Build.0 = Release|Any CPU
		{BBF7E968-CF0D-4830-A016-724B51D1B28F}.Debug|Any CPU.ActiveCfg = Debug|Any CPU
		{BBF7E968-CF0D-4830-A016-724B51D1B28F}.Debug|Any CPU.Build.0 = Debug|Any CPU
		{BBF7E968-CF0D-4830-A016-724B51D1B28F}.Release|Any CPU.ActiveCfg = Release|Any CPU
		{BBF7E968-CF0D-4830-A016-724B51D1B28F}.Release|Any CPU.Build.0 = Release|Any CPU
		{1D1186C3-5EC0-469C-BB1C-20AA9BED1458}.Debug|Any CPU.ActiveCfg = Debug|Any CPU
		{1D1186C3-5EC0-469C-BB1C-20AA9BED1458}.Debug|Any CPU.Build.0 = Debug|Any CPU
		{1D1186C3-5EC0-469C-BB1C-20AA9BED1458}.Release|Any CPU.ActiveCfg = Release|Any CPU
		{1D1186C3-5EC0-469C-BB1C-20AA9BED1458}.Release|Any CPU.Build.0 = Release|Any CPU
		{333F0D4B-9DD7-47E4-91E6-23F76D209C49}.Debug|Any CPU.ActiveCfg = Debug|Any CPU
		{333F0D4B-9DD7-47E4-91E6-23F76D209C49}.Debug|Any CPU.Build.0 = Debug|Any CPU
		{333F0D4B-9DD7-47E4-91E6-23F76D209C49}.Release|Any CPU.ActiveCfg = Release|Any CPU
		{333F0D4B-9DD7-47E4-91E6-23F76D209C49}.Release|Any CPU.Build.0 = Release|Any CPU
		{09274543-187A-4E83-B9ED-A8208D33EB30}.Debug|Any CPU.ActiveCfg = Debug|Any CPU
		{09274543-187A-4E83-B9ED-A8208D33EB30}.Debug|Any CPU.Build.0 = Debug|Any CPU
		{09274543-187A-4E83-B9ED-A8208D33EB30}.Release|Any CPU.ActiveCfg = Release|Any CPU
		{09274543-187A-4E83-B9ED-A8208D33EB30}.Release|Any CPU.Build.0 = Release|Any CPU
		{654F2E24-6FCD-4D8F-9DA0-F2CD69C9CB6D}.Debug|Any CPU.ActiveCfg = Debug|Any CPU
		{654F2E24-6FCD-4D8F-9DA0-F2CD69C9CB6D}.Debug|Any CPU.Build.0 = Debug|Any CPU
		{654F2E24-6FCD-4D8F-9DA0-F2CD69C9CB6D}.Release|Any CPU.ActiveCfg = Release|Any CPU
		{654F2E24-6FCD-4D8F-9DA0-F2CD69C9CB6D}.Release|Any CPU.Build.0 = Release|Any CPU
		{BD881F31-CA2D-459C-B14B-7BCC3C2AA86C}.Debug|Any CPU.ActiveCfg = Debug|Any CPU
		{BD881F31-CA2D-459C-B14B-7BCC3C2AA86C}.Debug|Any CPU.Build.0 = Debug|Any CPU
		{BD881F31-CA2D-459C-B14B-7BCC3C2AA86C}.Release|Any CPU.ActiveCfg = Release|Any CPU
		{BD881F31-CA2D-459C-B14B-7BCC3C2AA86C}.Release|Any CPU.Build.0 = Release|Any CPU
		{0CF2ACDF-05AF-49B6-9A80-0A174C2A5E05}.Debug|Any CPU.ActiveCfg = Debug|Any CPU
		{0CF2ACDF-05AF-49B6-9A80-0A174C2A5E05}.Debug|Any CPU.Build.0 = Debug|Any CPU
		{0CF2ACDF-05AF-49B6-9A80-0A174C2A5E05}.Release|Any CPU.ActiveCfg = Release|Any CPU
		{0CF2ACDF-05AF-49B6-9A80-0A174C2A5E05}.Release|Any CPU.Build.0 = Release|Any CPU
		{9E0CEE6A-93D2-40A5-B73D-5C9CB1DC3ED0}.Debug|Any CPU.ActiveCfg = Debug|Any CPU
		{9E0CEE6A-93D2-40A5-B73D-5C9CB1DC3ED0}.Debug|Any CPU.Build.0 = Debug|Any CPU
		{9E0CEE6A-93D2-40A5-B73D-5C9CB1DC3ED0}.Release|Any CPU.ActiveCfg = Release|Any CPU
		{9E0CEE6A-93D2-40A5-B73D-5C9CB1DC3ED0}.Release|Any CPU.Build.0 = Release|Any CPU
		{9362A326-4364-4DDC-9517-EFC6D82E8117}.Debug|Any CPU.ActiveCfg = Debug|Any CPU
		{9362A326-4364-4DDC-9517-EFC6D82E8117}.Debug|Any CPU.Build.0 = Debug|Any CPU
		{9362A326-4364-4DDC-9517-EFC6D82E8117}.Release|Any CPU.ActiveCfg = Release|Any CPU
		{9362A326-4364-4DDC-9517-EFC6D82E8117}.Release|Any CPU.Build.0 = Release|Any CPU
		{4265DA4C-FAC3-4D1F-9375-9D549B53DF16}.Debug|Any CPU.ActiveCfg = Debug|Any CPU
		{4265DA4C-FAC3-4D1F-9375-9D549B53DF16}.Debug|Any CPU.Build.0 = Debug|Any CPU
		{4265DA4C-FAC3-4D1F-9375-9D549B53DF16}.Release|Any CPU.ActiveCfg = Release|Any CPU
		{4265DA4C-FAC3-4D1F-9375-9D549B53DF16}.Release|Any CPU.Build.0 = Release|Any CPU
		{FB069367-487F-49D1-AA3E-C3E9C6B356A0}.Debug|Any CPU.ActiveCfg = Debug|Any CPU
		{FB069367-487F-49D1-AA3E-C3E9C6B356A0}.Debug|Any CPU.Build.0 = Debug|Any CPU
		{FB069367-487F-49D1-AA3E-C3E9C6B356A0}.Release|Any CPU.ActiveCfg = Release|Any CPU
		{FB069367-487F-49D1-AA3E-C3E9C6B356A0}.Release|Any CPU.Build.0 = Release|Any CPU
		{FFFDF3C2-4798-47A2-8ED0-36C360DB13CF}.Debug|Any CPU.ActiveCfg = Debug|Any CPU
		{FFFDF3C2-4798-47A2-8ED0-36C360DB13CF}.Debug|Any CPU.Build.0 = Debug|Any CPU
		{FFFDF3C2-4798-47A2-8ED0-36C360DB13CF}.Release|Any CPU.ActiveCfg = Release|Any CPU
		{FFFDF3C2-4798-47A2-8ED0-36C360DB13CF}.Release|Any CPU.Build.0 = Release|Any CPU
		{F6B68763-2CAE-48A0-A773-1922F5387571}.Debug|Any CPU.ActiveCfg = Debug|Any CPU
		{F6B68763-2CAE-48A0-A773-1922F5387571}.Debug|Any CPU.Build.0 = Debug|Any CPU
		{F6B68763-2CAE-48A0-A773-1922F5387571}.Release|Any CPU.ActiveCfg = Release|Any CPU
		{F6B68763-2CAE-48A0-A773-1922F5387571}.Release|Any CPU.Build.0 = Release|Any CPU
		{F18D8C16-B4C2-405A-93F3-CF1E4F99449A}.Debug|Any CPU.ActiveCfg = Debug|Any CPU
		{F18D8C16-B4C2-405A-93F3-CF1E4F99449A}.Debug|Any CPU.Build.0 = Debug|Any CPU
		{F18D8C16-B4C2-405A-93F3-CF1E4F99449A}.Release|Any CPU.ActiveCfg = Release|Any CPU
		{F18D8C16-B4C2-405A-93F3-CF1E4F99449A}.Release|Any CPU.Build.0 = Release|Any CPU
		{8FCEB734-54A8-485C-85E5-B48EBD7DAB19}.Debug|Any CPU.ActiveCfg = Debug|Any CPU
		{8FCEB734-54A8-485C-85E5-B48EBD7DAB19}.Debug|Any CPU.Build.0 = Debug|Any CPU
		{8FCEB734-54A8-485C-85E5-B48EBD7DAB19}.Release|Any CPU.ActiveCfg = Release|Any CPU
		{8FCEB734-54A8-485C-85E5-B48EBD7DAB19}.Release|Any CPU.Build.0 = Release|Any CPU
		{738B4A7B-E531-4E81-9D24-6AADB746379C}.Debug|Any CPU.ActiveCfg = Debug|Any CPU
		{738B4A7B-E531-4E81-9D24-6AADB746379C}.Debug|Any CPU.Build.0 = Debug|Any CPU
		{738B4A7B-E531-4E81-9D24-6AADB746379C}.Release|Any CPU.ActiveCfg = Release|Any CPU
		{738B4A7B-E531-4E81-9D24-6AADB746379C}.Release|Any CPU.Build.0 = Release|Any CPU
	EndGlobalSection
	GlobalSection(SolutionProperties) = preSolution
		HideSolutionNode = FALSE
	EndGlobalSection
	GlobalSection(NestedProjects) = preSolution
		{3CC5460D-FD31-447B-B50C-B4D11796BE79} = {6398B8B2-0B0C-40A1-A8D6-B0DEC4993E12}
		{8EA30118-6483-460B-B18E-09C6B1E784E2} = {6398B8B2-0B0C-40A1-A8D6-B0DEC4993E12}
		{C7947CA3-6AA9-46C3-81EA-6AB86496608A} = {E16A6A19-34F2-4D19-9E75-3634D7152C3E}
		{522E309F-6BA3-4610-BE45-7E94D81A87FE} = {E16A6A19-34F2-4D19-9E75-3634D7152C3E}
		{838054FA-E954-49C1-9A8A-978129C4B7B4} = {6398B8B2-0B0C-40A1-A8D6-B0DEC4993E12}
		{4DC63E0A-F881-4D68-9715-EA5CD7FD8844} = {386D90BD-2F0C-49B6-826A-DA4D531F69BE}
		{AC755979-8776-41A5-B223-C6A929B667C9} = {4DC63E0A-F881-4D68-9715-EA5CD7FD8844}
		{EC45F525-4BEC-4A57-B5CD-CA39DF809C81} = {4DC63E0A-F881-4D68-9715-EA5CD7FD8844}
		{2B6C6721-B452-42B8-880A-45460BF44B35} = {4DC63E0A-F881-4D68-9715-EA5CD7FD8844}
		{24D3BB3B-2D34-426E-BCD5-CAA4F4C6A127} = {4DC63E0A-F881-4D68-9715-EA5CD7FD8844}
		{D341192B-8771-4A85-A953-BD11702FFB74} = {8EA30118-6483-460B-B18E-09C6B1E784E2}
		{CDAE7E8D-EBCB-4A27-80DF-405A4FE0FF4A} = {4DC63E0A-F881-4D68-9715-EA5CD7FD8844}
		{9D817483-A71F-46D8-9C24-897FB6B9DE67} = {4DC63E0A-F881-4D68-9715-EA5CD7FD8844}
		{F8BEC582-FD0C-4190-9604-FFD2E35341F4} = {8EA30118-6483-460B-B18E-09C6B1E784E2}
		{BBF7E968-CF0D-4830-A016-724B51D1B28F} = {4DC63E0A-F881-4D68-9715-EA5CD7FD8844}
		{1D1186C3-5EC0-469C-BB1C-20AA9BED1458} = {4DC63E0A-F881-4D68-9715-EA5CD7FD8844}
		{333F0D4B-9DD7-47E4-91E6-23F76D209C49} = {4DC63E0A-F881-4D68-9715-EA5CD7FD8844}
		{26CBAA4E-F5FD-4DF5-8288-832D1F9F8D2B} = {49BE5A40-1204-4819-862A-86910610A8E1}
		{6E48D51C-E79A-4872-8D27-1299832C8E45} = {49BE5A40-1204-4819-862A-86910610A8E1}
		{CAAAD212-774B-467F-BEF0-81FCC47715AD} = {49BE5A40-1204-4819-862A-86910610A8E1}
		{D5F72FA0-40B1-4B32-8E3A-52DC903C2772} = {49BE5A40-1204-4819-862A-86910610A8E1}
		{09274543-187A-4E83-B9ED-A8208D33EB30} = {8EA30118-6483-460B-B18E-09C6B1E784E2}
		{654F2E24-6FCD-4D8F-9DA0-F2CD69C9CB6D} = {4DC63E0A-F881-4D68-9715-EA5CD7FD8844}
		{BD881F31-CA2D-459C-B14B-7BCC3C2AA86C} = {4DC63E0A-F881-4D68-9715-EA5CD7FD8844}
		{0CF2ACDF-05AF-49B6-9A80-0A174C2A5E05} = {4DC63E0A-F881-4D68-9715-EA5CD7FD8844}
		{9E0CEE6A-93D2-40A5-B73D-5C9CB1DC3ED0} = {4DC63E0A-F881-4D68-9715-EA5CD7FD8844}
		{9362A326-4364-4DDC-9517-EFC6D82E8117} = {4DC63E0A-F881-4D68-9715-EA5CD7FD8844}
		{4265DA4C-FAC3-4D1F-9375-9D549B53DF16} = {4DC63E0A-F881-4D68-9715-EA5CD7FD8844}
		{FB069367-487F-49D1-AA3E-C3E9C6B356A0} = {838054FA-E954-49C1-9A8A-978129C4B7B4}
		{FFFDF3C2-4798-47A2-8ED0-36C360DB13CF} = {838054FA-E954-49C1-9A8A-978129C4B7B4}
		{F6B68763-2CAE-48A0-A773-1922F5387571} = {838054FA-E954-49C1-9A8A-978129C4B7B4}
		{F18D8C16-B4C2-405A-93F3-CF1E4F99449A} = {4DC63E0A-F881-4D68-9715-EA5CD7FD8844}
		{8FCEB734-54A8-485C-85E5-B48EBD7DAB19} = {4DC63E0A-F881-4D68-9715-EA5CD7FD8844}
		{738B4A7B-E531-4E81-9D24-6AADB746379C} = {4DC63E0A-F881-4D68-9715-EA5CD7FD8844}
	EndGlobalSection
	GlobalSection(ExtensibilityGlobals) = postSolution
		SolutionGuid = {43C4C13F-8068-401D-991A-D7F7BBFB357C}
	EndGlobalSection
EndGlobal
